
Microsoft Visual Studio Solution File, Format Version 10.00
# Visual C++ Express 2008
Project("{8BC9CEB8-8B4A-11D0-8D11-00A0C91BC942}") = "Test3", "Test3\Test3.vcproj", "{4AAD9BF3-82DD-4318-A2B2-5945FEF9D5D0}"
EndProject
Global
	GlobalSection(SolutionConfigurationPlatforms) = preSolution
		Debug|Win32 = Debug|Win32
		Release|Win32 = Release|Win32
	EndGlobalSection
	GlobalSection(ProjectConfigurationPlatforms) = postSolution
		{4AAD9BF3-82DD-4318-A2B2-5945FEF9D5D0}.Debug|Win32.ActiveCfg = Debug|Win32
		{4AAD9BF3-82DD-4318-A2B2-5945FEF9D5D0}.Debug|Win32.Build.0 = Debug|Win32
		{4AAD9BF3-82DD-4318-A2B2-5945FEF9D5D0}.Release|Win32.ActiveCfg = Release|Win32
		{4AAD9BF3-82DD-4318-A2B2-5945FEF9D5D0}.Release|Win32.Build.0 = Release|Win32
	EndGlobalSection
	GlobalSection(SolutionProperties) = preSolution
		HideSolutionNode = FALSE
	EndGlobalSection
EndGlobal
