
Microsoft Visual Studio Solution File, Format Version 10.00
# Visual C++ Express 2008
Project("{8BC9CEB8-8B4A-11D0-8D11-00A0C91BC942}") = "Test4", "Test4\Test4.vcproj", "{813F017A-1778-4D82-9619-D6517F01C834}"
EndProject
Global
	GlobalSection(SolutionConfigurationPlatforms) = preSolution
		Debug|Win32 = Debug|Win32
		Release|Win32 = Release|Win32
	EndGlobalSection
	GlobalSection(ProjectConfigurationPlatforms) = postSolution
		{813F017A-1778-4D82-9619-D6517F01C834}.Debug|Win32.ActiveCfg = Debug|Win32
		{813F017A-1778-4D82-9619-D6517F01C834}.Debug|Win32.Build.0 = Debug|Win32
		{813F017A-1778-4D82-9619-D6517F01C834}.Release|Win32.ActiveCfg = Release|Win32
		{813F017A-1778-4D82-9619-D6517F01C834}.Release|Win32.Build.0 = Release|Win32
	EndGlobalSection
	GlobalSection(SolutionProperties) = preSolution
		HideSolutionNode = FALSE
	EndGlobalSection
EndGlobal
