
Microsoft Visual Studio Solution File, Format Version 10.00
# Visual C++ Express 2008
Project("{8BC9CEB8-8B4A-11D0-8D11-00A0C91BC942}") = "Test2", "Test2\Test2.vcproj", "{BB535360-0096-44E5-BF88-2A97D0235BD9}"
EndProject
Global
	GlobalSection(SolutionConfigurationPlatforms) = preSolution
		Debug|Win32 = Debug|Win32
		Release|Win32 = Release|Win32
	EndGlobalSection
	GlobalSection(ProjectConfigurationPlatforms) = postSolution
		{BB535360-0096-44E5-BF88-2A97D0235BD9}.Debug|Win32.ActiveCfg = Debug|Win32
		{BB535360-0096-44E5-BF88-2A97D0235BD9}.Debug|Win32.Build.0 = Debug|Win32
		{BB535360-0096-44E5-BF88-2A97D0235BD9}.Release|Win32.ActiveCfg = Release|Win32
		{BB535360-0096-44E5-BF88-2A97D0235BD9}.Release|Win32.Build.0 = Release|Win32
	EndGlobalSection
	GlobalSection(SolutionProperties) = preSolution
		HideSolutionNode = FALSE
	EndGlobalSection
EndGlobal
